
Microsoft Visual Studio Solution File, Format Version 12.00
# Visual Studio Version 17
VisualStudioVersion = 17.3.32804.467
MinimumVisualStudioVersion = 10.0.40219.1
Project("{2150E333-8FDC-42A3-9474-1A3956D46DE8}") = "src", "src", "{91D87FDC-D1F0-483B-BB83-C24BD6A4699E}"
EndProject
Project("{2150E333-8FDC-42A3-9474-1A3956D46DE8}") = "tests", "tests", "{348E6C1A-D8EA-4276-B569-3EDD6B391C6E}"
EndProject
Project("{2150E333-8FDC-42A3-9474-1A3956D46DE8}") = "docs", "docs", "{1A55D222-2CD3-4C34-AE50-74D051F25E32}"
	ProjectSection(SolutionItems) = preProject
		docs\OCPI-2.2.1.pdf = docs\OCPI-2.2.1.pdf
	EndProjectSection
EndProject
Project("{9A19103F-16F7-4668-BE54-9A1E7A4F7556}") = "OCPI.Net.Contracts", "src\OCPI.Net.Contracts\OCPI.Net.Contracts.csproj", "{EE4E24DD-4E43-44E3-BDCE-7CAFD740C9B5}"
EndProject
Project("{9A19103F-16F7-4668-BE54-9A1E7A4F7556}") = "OCPI.Net.Exceptions", "src\OCPI.Net.Exceptions\OCPI.Net.Exceptions.csproj", "{939DEB6D-B624-478B-93BA-C37D00FCB2E2}"
EndProject
Project("{9A19103F-16F7-4668-BE54-9A1E7A4F7556}") = "OCPI.Net.Contracts.Tests", "tests\OCPI.Net.Contracts.Tests\OCPI.Net.Contracts.Tests.csproj", "{B95AB476-AA1B-44AB-9195-6B1FC2E7BBE6}"
EndProject
Project("{9A19103F-16F7-4668-BE54-9A1E7A4F7556}") = "OCPI.Net.Core", "src\OCPI.Net.Core\OCPI.Net.Core.csproj", "{4C71B7BA-7FAE-42D0-B665-4DE31864BEE8}"
EndProject
Project("{9A19103F-16F7-4668-BE54-9A1E7A4F7556}") = "OCPI.Net.Platform", "src\OCPI.Net.Platform\OCPI.Net.Platform.csproj", "{B48983C4-C354-4A22-8BCB-86ACF8DBC5A8}"
EndProject
Global
	GlobalSection(SolutionConfigurationPlatforms) = preSolution
		Debug|Any CPU = Debug|Any CPU
		Release|Any CPU = Release|Any CPU
	EndGlobalSection
	GlobalSection(ProjectConfigurationPlatforms) = postSolution
		{EE4E24DD-4E43-44E3-BDCE-7CAFD740C9B5}.Debug|Any CPU.ActiveCfg = Debug|Any CPU
		{EE4E24DD-4E43-44E3-BDCE-7CAFD740C9B5}.Debug|Any CPU.Build.0 = Debug|Any CPU
		{EE4E24DD-4E43-44E3-BDCE-7CAFD740C9B5}.Release|Any CPU.ActiveCfg = Release|Any CPU
		{EE4E24DD-4E43-44E3-BDCE-7CAFD740C9B5}.Release|Any CPU.Build.0 = Release|Any CPU
		{939DEB6D-B624-478B-93BA-C37D00FCB2E2}.Debug|Any CPU.ActiveCfg = Debug|Any CPU
		{939DEB6D-B624-478B-93BA-C37D00FCB2E2}.Debug|Any CPU.Build.0 = Debug|Any CPU
		{939DEB6D-B624-478B-93BA-C37D00FCB2E2}.Release|Any CPU.ActiveCfg = Release|Any CPU
		{939DEB6D-B624-478B-93BA-C37D00FCB2E2}.Release|Any CPU.Build.0 = Release|Any CPU
		{B95AB476-AA1B-44AB-9195-6B1FC2E7BBE6}.Debug|Any CPU.ActiveCfg = Debug|Any CPU
		{B95AB476-AA1B-44AB-9195-6B1FC2E7BBE6}.Debug|Any CPU.Build.0 = Debug|Any CPU
		{B95AB476-AA1B-44AB-9195-6B1FC2E7BBE6}.Release|Any CPU.ActiveCfg = Release|Any CPU
		{B95AB476-AA1B-44AB-9195-6B1FC2E7BBE6}.Release|Any CPU.Build.0 = Release|Any CPU
		{4C71B7BA-7FAE-42D0-B665-4DE31864BEE8}.Debug|Any CPU.ActiveCfg = Debug|Any CPU
		{4C71B7BA-7FAE-42D0-B665-4DE31864BEE8}.Debug|Any CPU.Build.0 = Debug|Any CPU
		{4C71B7BA-7FAE-42D0-B665-4DE31864BEE8}.Release|Any CPU.ActiveCfg = Release|Any CPU
		{4C71B7BA-7FAE-42D0-B665-4DE31864BEE8}.Release|Any CPU.Build.0 = Release|Any CPU
		{B48983C4-C354-4A22-8BCB-86ACF8DBC5A8}.Debug|Any CPU.ActiveCfg = Debug|Any CPU
		{B48983C4-C354-4A22-8BCB-86ACF8DBC5A8}.Debug|Any CPU.Build.0 = Debug|Any CPU
		{B48983C4-C354-4A22-8BCB-86ACF8DBC5A8}.Release|Any CPU.ActiveCfg = Release|Any CPU
		{B48983C4-C354-4A22-8BCB-86ACF8DBC5A8}.Release|Any CPU.Build.0 = Release|Any CPU
	EndGlobalSection
	GlobalSection(SolutionProperties) = preSolution
		HideSolutionNode = FALSE
	EndGlobalSection
	GlobalSection(NestedProjects) = preSolution
		{EE4E24DD-4E43-44E3-BDCE-7CAFD740C9B5} = {91D87FDC-D1F0-483B-BB83-C24BD6A4699E}
		{939DEB6D-B624-478B-93BA-C37D00FCB2E2} = {91D87FDC-D1F0-483B-BB83-C24BD6A4699E}
		{B95AB476-AA1B-44AB-9195-6B1FC2E7BBE6} = {348E6C1A-D8EA-4276-B569-3EDD6B391C6E}
		{4C71B7BA-7FAE-42D0-B665-4DE31864BEE8} = {91D87FDC-D1F0-483B-BB83-C24BD6A4699E}
		{B48983C4-C354-4A22-8BCB-86ACF8DBC5A8} = {91D87FDC-D1F0-483B-BB83-C24BD6A4699E}
	EndGlobalSection
	GlobalSection(ExtensibilityGlobals) = postSolution
		SolutionGuid = {1815709D-17EC-48E3-9911-103827F87498}
	EndGlobalSection
EndGlobal
